<?xml version="1.0" encoding="utf-8"?>
<Project ToolsVersion="4.0" xmlns="http://schemas.microsoft.com/developer/msbuild/2003">
  <ItemGroup>
    <Filter Include="Char">
      <UniqueIdentifier>{96f00d44-2fa5-4088-9e39-79e5858309d1}</UniqueIdentifier>
    </Filter>
    <Filter Include="State_UI">
      <UniqueIdentifier>{aca81c46-03fa-4286-a168-fc70d1200b7d}</UniqueIdentifier>
    </Filter>
    <Filter Include="Char\Player">
      <UniqueIdentifier>{c59b33d9-d789-4222-a8fa-b472e4dc8bc4}</UniqueIdentifier>
    </Filter>
    <Filter Include="World">
      <UniqueIdentifier>{240d5c49-8c62-46ba-b05f-b4771b67d9e7}</UniqueIdentifier>
    </Filter>
    <Filter Include="State_UI\HitPoint">
      <UniqueIdentifier>{d6cff999-0e23-48f6-bf43-2e128278e36c}</UniqueIdentifier>
    </Filter>
    <Filter Include="State_UI\Score">
      <UniqueIdentifier>{933e5d52-1daa-4144-9ff3-047e4dbe585d}</UniqueIdentifier>
    </Filter>
    <Filter Include="State_UI\Life">
      <UniqueIdentifier>{50d4e46e-692f-4252-ac85-0e7b66987d65}</UniqueIdentifier>
    </Filter>
    <Filter Include="World\Box">
      <UniqueIdentifier>{b7aeb26c-ca6d-4048-985f-b071f99c56cd}</UniqueIdentifier>
    </Filter>
    <Filter Include="World\Box\Soil">
      <UniqueIdentifier>{c2bdc7ec-48fd-46ac-a12c-6b262f6053a8}</UniqueIdentifier>
    </Filter>
    <Filter Include="Char\Monster">
      <UniqueIdentifier>{b7701051-152c-4684-b343-659cb7b7cb50}</UniqueIdentifier>
    </Filter>
    <Filter Include="Char\Monster\slime">
      <UniqueIdentifier>{5cc4be5c-ac88-4abb-b989-fed510d9eb5a}</UniqueIdentifier>
    </Filter>
    <Filter Include="Char\Monster\ghost">
      <UniqueIdentifier>{796d93a5-eb66-4fcb-bc49-dabf0f6de801}</UniqueIdentifier>
    </Filter>
    <Filter Include="Char\Monster\bird">
      <UniqueIdentifier>{085a811c-b782-4aff-b4ae-60c65ce8ae83}</UniqueIdentifier>
    </Filter>
    <Filter Include="Item">
      <UniqueIdentifier>{9141ca31-04fa-4369-b075-629387a1152b}</UniqueIdentifier>
    </Filter>
    <Filter Include="Char\Monster\GenerateM">
      <UniqueIdentifier>{c049599f-43ba-4a4d-b6ad-e6dd5aed8a56}</UniqueIdentifier>
    </Filter>
    <Filter Include="Char\Collision">
      <UniqueIdentifier>{e7ce5662-80a7-402c-bebb-814a727c5260}</UniqueIdentifier>
    </Filter>
    <Filter Include="Char\Monster\Bomb">
      <UniqueIdentifier>{96523523-67c1-4757-8d63-fc80774c17d2}</UniqueIdentifier>
    </Filter>
    <Filter Include="Weapon">
      <UniqueIdentifier>{9c4f520f-1864-41d0-9256-ef91477387ab}</UniqueIdentifier>
    </Filter>
    <Filter Include="State_UI\Combo">
      <UniqueIdentifier>{be5193dd-77d8-4f81-800e-c2f1d372523b}</UniqueIdentifier>
    </Filter>
    <Filter Include="State_UI\DropScore">
      <UniqueIdentifier>{778edc8a-434d-45d4-b939-9234682a6401}</UniqueIdentifier>
    </Filter>
    <Filter Include="Char\Monster\VanishMonster">
      <UniqueIdentifier>{1ced0b9a-2beb-49b6-bdd0-1a597f5b6852}</UniqueIdentifier>
    </Filter>
    <Filter Include="Debug">
      <UniqueIdentifier>{9b47ca65-c56a-4de9-96d3-301f240f1a2c}</UniqueIdentifier>
    </Filter>
    <Filter Include="Mystring">
      <UniqueIdentifier>{b07b57fa-9943-404e-82a5-46a40f39a56a}</UniqueIdentifier>
    </Filter>
    <Filter Include="Screen">
      <UniqueIdentifier>{598b84f7-4fc6-4143-b610-4740ee712a43}</UniqueIdentifier>
    </Filter>
    <Filter Include="Screen\Ranking">
      <UniqueIdentifier>{80f73ab8-0715-4c22-aed9-4036b8a73bfa}</UniqueIdentifier>
    </Filter>
    <Filter Include="Screen\Gameover">
      <UniqueIdentifier>{8333bb84-1562-408a-8f77-c8bc5016b4df}</UniqueIdentifier>
    </Filter>
    <Filter Include="Screen\Gameover\Ranking">
      <UniqueIdentifier>{21409449-76a2-4b61-897a-dbe4f9a7140d}</UniqueIdentifier>
    </Filter>
    <Filter Include="Count">
      <UniqueIdentifier>{7a5f9b60-89d0-4514-a01a-397f680fbd4f}</UniqueIdentifier>
    </Filter>
    <Filter Include="Screen\StartScreen">
      <UniqueIdentifier>{8463dd61-3dff-49fa-a2cb-963cd4267f48}</UniqueIdentifier>
    </Filter>
    <Filter Include="Screen\StartScreen\Select">
      <UniqueIdentifier>{bd38bf0a-7a85-4f85-9dc4-2d9398441b9f}</UniqueIdentifier>
    </Filter>
    <Filter Include="Char\Monster\ghost\GSlime">
      <UniqueIdentifier>{a11a601b-9553-4c60-a201-0a95f464917d}</UniqueIdentifier>
    </Filter>
  </ItemGroup>
  <ItemGroup>
    <ClCompile Include="Box.cpp">
      <Filter>World\Box</Filter>
    </ClCompile>
    <ClCompile Include="Char.cpp">
      <Filter>Char</Filter>
    </ClCompile>
    <ClCompile Include="Debug.cpp">
      <Filter>Debug</Filter>
    </ClCompile>
    <ClCompile Include="Hitpoint.cpp">
      <Filter>State_UI\HitPoint</Filter>
    </ClCompile>
    <ClCompile Include="Life.cpp">
      <Filter>State_UI\Life</Filter>
    </ClCompile>
    <ClCompile Include="Player.cpp">
      <Filter>Char\Player</Filter>
    </ClCompile>
    <ClCompile Include="Score.cpp">
      <Filter>State_UI\Score</Filter>
    </ClCompile>
    <ClCompile Include="State_UI.cpp">
      <Filter>State_UI</Filter>
    </ClCompile>
    <ClCompile Include="main.cpp" />
    <ClCompile Include="World.cpp">
      <Filter>World</Filter>
    </ClCompile>
    <ClCompile Include="Slime.cpp">
      <Filter>Char\Monster\slime</Filter>
    </ClCompile>
    <ClCompile Include="GenerateMonster.cpp">
      <Filter>Char\Monster\GenerateM</Filter>
    </ClCompile>
    <ClCompile Include="Collision.cpp">
      <Filter>Char\Collision</Filter>
    </ClCompile>
    <ClCompile Include="Ghost.cpp">
      <Filter>Char\Monster\ghost</Filter>
    </ClCompile>
    <ClCompile Include="Bird.cpp">
      <Filter>Char\Monster\bird</Filter>
    </ClCompile>
    <ClCompile Include="Bomb.cpp">
      <Filter>Char\Monster\Bomb</Filter>
    </ClCompile>
    <ClCompile Include="Weapon.cpp">
      <Filter>Weapon</Filter>
    </ClCompile>
    <ClCompile Include="Monster.cpp">
      <Filter>Char\Monster</Filter>
    </ClCompile>
    <ClCompile Include="DropScore.cpp">
      <Filter>State_UI\DropScore</Filter>
    </ClCompile>
    <ClCompile Include="Combo.cpp">
      <Filter>State_UI\Combo</Filter>
    </ClCompile>
    <ClCompile Include="TheWorld.cpp">
      <Filter>Item</Filter>
    </ClCompile>
    <ClCompile Include="VanishMonster.cpp">
      <Filter>Char\Monster\VanishMonster</Filter>
    </ClCompile>
    <ClCompile Include="GSlime.cpp">
      <Filter>Char\Monster\ghost\GSlime</Filter>
    </ClCompile>
    <ClCompile Include="GameOver.cpp">
      <Filter>Screen\Gameover</Filter>
    </ClCompile>
    <ClCompile Include="Ranking.cpp">
      <Filter>Screen\Gameover\Ranking</Filter>
    </ClCompile>
    <ClCompile Include="StartScreen.cpp">
      <Filter>Screen\StartScreen</Filter>
    </ClCompile>
    <ClCompile Include="Mystring.cpp">
      <Filter>Mystring</Filter>
    </ClCompile>
    <ClCompile Include="Ranking_Screen.cpp">
      <Filter>Screen\Ranking</Filter>
    </ClCompile>
    <ClCompile Include="Select.cpp">
      <Filter>Screen\StartScreen\Select</Filter>
    </ClCompile>
    <ClCompile Include="Count.cpp">
      <Filter>Count</Filter>
    </ClCompile>
  </ItemGroup>
  <ItemGroup>
    <ClInclude Include="Box.h">
      <Filter>World\Box</Filter>
    </ClInclude>
    <ClInclude Include="Char.h">
      <Filter>Char</Filter>
    </ClInclude>
    <ClInclude Include="Debug.h">
      <Filter>Debug</Filter>
    </ClInclude>
    <ClInclude Include="Hitpoint.h">
      <Filter>State_UI\HitPoint</Filter>
    </ClInclude>
    <ClInclude Include="Player.h">
      <Filter>Char\Player</Filter>
    </ClInclude>
    <ClInclude Include="Score.h">
      <Filter>State_UI\Score</Filter>
    </ClInclude>
    <ClInclude Include="State_UI.h">
      <Filter>State_UI</Filter>
    </ClInclude>
    <ClInclude Include="UI.h" />
    <ClInclude Include="Point.h" />
    <ClInclude Include="World.h">
      <Filter>World</Filter>
    </ClInclude>
    <ClInclude Include="Soil.h">
      <Filter>World\Box\Soil</Filter>
    </ClInclude>
    <ClInclude Include="Life.h">
      <Filter>State_UI\Life</Filter>
    </ClInclude>
    <ClInclude Include="Slime.h">
      <Filter>Char\Monster\slime</Filter>
    </ClInclude>
    <ClInclude Include="GenerateMonster.h">
      <Filter>Char\Monster\GenerateM</Filter>
    </ClInclude>
    <ClInclude Include="Collision.h">
      <Filter>Char\Collision</Filter>
    </ClInclude>
    <ClInclude Include="Bird.h">
      <Filter>Char\Monster\bird</Filter>
    </ClInclude>
    <ClInclude Include="Bomb.h">
      <Filter>Char\Monster\Bomb</Filter>
    </ClInclude>
    <ClInclude Include="Weapon.h">
      <Filter>Weapon</Filter>
    </ClInclude>
    <ClInclude Include="Monster.h">
      <Filter>Char\Monster</Filter>
    </ClInclude>
    <ClInclude Include="Ghost.h">
      <Filter>Char\Monster\ghost</Filter>
    </ClInclude>
    <ClInclude Include="DropScore.h">
      <Filter>State_UI\DropScore</Filter>
    </ClInclude>
    <ClInclude Include="Combo.h">
      <Filter>State_UI\Combo</Filter>
    </ClInclude>
    <ClInclude Include="TheWorld.h">
      <Filter>Item</Filter>
    </ClInclude>
    <ClInclude Include="VanishMonster.h">
      <Filter>Char\Monster\VanishMonster</Filter>
    </ClInclude>
    <ClInclude Include="GSlime.h">
      <Filter>Char\Monster\ghost\GSlime</Filter>
    </ClInclude>
    <ClInclude Include="GameOver.h">
      <Filter>Screen\Gameover</Filter>
    </ClInclude>
    <ClInclude Include="Ranking.h">
      <Filter>Screen\Gameover\Ranking</Filter>
    </ClInclude>
    <ClInclude Include="StartScreen.h">
      <Filter>Screen\StartScreen</Filter>
    </ClInclude>
    <ClInclude Include="Mystring.h">
      <Filter>Mystring</Filter>
    </ClInclude>
    <ClInclude Include="Ranking_Screen.h">
      <Filter>Screen\Ranking</Filter>
    </ClInclude>
    <ClInclude Include="Select.h">
      <Filter>Screen\StartScreen\Select</Filter>
    </ClInclude>
    <ClInclude Include="Count.h">
      <Filter>Count</Filter>
    </ClInclude>
  </ItemGroup>
</Project>