<?xml version="1.0" encoding="utf-8"?>
<Project ToolsVersion="4.0" xmlns="http://schemas.microsoft.com/developer/msbuild/2003">
  <ItemGroup>
    <Filter Include="Debug">
      <UniqueIdentifier>{9b47ca65-c56a-4de9-96d3-301f240f1a2c}</UniqueIdentifier>
    </Filter>
    <Filter Include="Char">
      <UniqueIdentifier>{96f00d44-2fa5-4088-9e39-79e5858309d1}</UniqueIdentifier>
    </Filter>
    <Filter Include="State_UI">
      <UniqueIdentifier>{aca81c46-03fa-4286-a168-fc70d1200b7d}</UniqueIdentifier>
    </Filter>
    <Filter Include="Char\Player">
      <UniqueIdentifier>{c59b33d9-d789-4222-a8fa-b472e4dc8bc4}</UniqueIdentifier>
    </Filter>
    <Filter Include="World">
      <UniqueIdentifier>{240d5c49-8c62-46ba-b05f-b4771b67d9e7}</UniqueIdentifier>
    </Filter>
    <Filter Include="State_UI\HitPoint">
      <UniqueIdentifier>{d6cff999-0e23-48f6-bf43-2e128278e36c}</UniqueIdentifier>
    </Filter>
    <Filter Include="State_UI\Score">
      <UniqueIdentifier>{933e5d52-1daa-4144-9ff3-047e4dbe585d}</UniqueIdentifier>
    </Filter>
    <Filter Include="State_UI\Life">
      <UniqueIdentifier>{50d4e46e-692f-4252-ac85-0e7b66987d65}</UniqueIdentifier>
    </Filter>
    <Filter Include="World\Box">
      <UniqueIdentifier>{b7aeb26c-ca6d-4048-985f-b071f99c56cd}</UniqueIdentifier>
    </Filter>
    <Filter Include="World\Box\Soil">
      <UniqueIdentifier>{c2bdc7ec-48fd-46ac-a12c-6b262f6053a8}</UniqueIdentifier>
    </Filter>
    <Filter Include="Wepon">
      <UniqueIdentifier>{3e2ead4f-74f4-4e5d-be03-592da24de4ff}</UniqueIdentifier>
    </Filter>
  </ItemGroup>
  <ItemGroup>
    <ClCompile Include="Box.cpp">
      <Filter>World\Box</Filter>
    </ClCompile>
    <ClCompile Include="Char.cpp">
      <Filter>Char</Filter>
    </ClCompile>
    <ClCompile Include="Debug.cpp">
      <Filter>Debug</Filter>
    </ClCompile>
    <ClCompile Include="Hitpoint.cpp">
      <Filter>State_UI\HitPoint</Filter>
    </ClCompile>
    <ClCompile Include="Life.cpp">
      <Filter>State_UI\Life</Filter>
    </ClCompile>
    <ClCompile Include="Player.cpp">
      <Filter>Char\Player</Filter>
    </ClCompile>
    <ClCompile Include="Score.cpp">
      <Filter>State_UI\Score</Filter>
    </ClCompile>
    <ClCompile Include="State_UI.cpp">
      <Filter>State_UI</Filter>
    </ClCompile>
    <ClCompile Include="main.cpp" />
    <ClCompile Include="World.cpp">
      <Filter>World</Filter>
    </ClCompile>
    <ClCompile Include="Weapon.cpp">
      <Filter>Wepon</Filter>
    </ClCompile>
  </ItemGroup>
  <ItemGroup>
    <ClInclude Include="Box.h">
      <Filter>World\Box</Filter>
    </ClInclude>
    <ClInclude Include="Char.h">
      <Filter>Char</Filter>
    </ClInclude>
    <ClInclude Include="Debug.h">
      <Filter>Debug</Filter>
    </ClInclude>
    <ClInclude Include="Hitpoint.h">
      <Filter>State_UI\HitPoint</Filter>
    </ClInclude>
    <ClInclude Include="Player.h">
      <Filter>Char\Player</Filter>
    </ClInclude>
    <ClInclude Include="Score.h">
      <Filter>State_UI\Score</Filter>
    </ClInclude>
    <ClInclude Include="State_UI.h">
      <Filter>State_UI</Filter>
    </ClInclude>
    <ClInclude Include="UI.h" />
    <ClInclude Include="Point.h" />
    <ClInclude Include="World.h">
      <Filter>World</Filter>
    </ClInclude>
    <ClInclude Include="Soil.h">
      <Filter>World\Box\Soil</Filter>
    </ClInclude>
    <ClInclude Include="Weapon.h">
      <Filter>Wepon</Filter>
    </ClInclude>
  </ItemGroup>
</Project>